
Microsoft Visual Studio Solution File, Format Version 12.00
# Visual Studio Version 17
VisualStudioVersion = 17.8.34511.84
MinimumVisualStudioVersion = 10.0.40219.1
Project("{FAE04EC0-301F-11D3-BF4B-00C04F79EFBC}") = "TrainForCooking.Api", "TrainForCooking.Api\TrainForCooking.Api.csproj", "{EF2DDD51-9572-450A-B3A8-5F615593DA98}"
EndProject
Project("{FAE04EC0-301F-11D3-BF4B-00C04F79EFBC}") = "TrainForCooking.Dto", "TrainForCooking.Dto\TrainForCooking.Dto.csproj", "{463337BF-2402-457E-A965-3010C8C3BE6D}"
EndProject
Global
	GlobalSection(SolutionConfigurationPlatforms) = preSolution
		Debug|Any CPU = Debug|Any CPU
		Release|Any CPU = Release|Any CPU
	EndGlobalSection
	GlobalSection(ProjectConfigurationPlatforms) = postSolution
		{EF2DDD51-9572-450A-B3A8-5F615593DA98}.Debug|Any CPU.ActiveCfg = Debug|Any CPU
		{EF2DDD51-9572-450A-B3A8-5F615593DA98}.Debug|Any CPU.Build.0 = Debug|Any CPU
		{EF2DDD51-9572-450A-B3A8-5F615593DA98}.Release|Any CPU.ActiveCfg = Release|Any CPU
		{EF2DDD51-9572-450A-B3A8-5F615593DA98}.Release|Any CPU.Build.0 = Release|Any CPU
		{463337BF-2402-457E-A965-3010C8C3BE6D}.Debug|Any CPU.ActiveCfg = Debug|Any CPU
		{463337BF-2402-457E-A965-3010C8C3BE6D}.Debug|Any CPU.Build.0 = Debug|Any CPU
		{463337BF-2402-457E-A965-3010C8C3BE6D}.Release|Any CPU.ActiveCfg = Release|Any CPU
		{463337BF-2402-457E-A965-3010C8C3BE6D}.Release|Any CPU.Build.0 = Release|Any CPU
	EndGlobalSection
	GlobalSection(SolutionProperties) = preSolution
		HideSolutionNode = FALSE
	EndGlobalSection
	GlobalSection(ExtensibilityGlobals) = postSolution
		SolutionGuid = {9F84E069-B6F4-405A-9373-9B2D908D20E5}
	EndGlobalSection
EndGlobal
